
Microsoft Visual Studio Solution File, Format Version 12.00
# Visual Studio Version 17
VisualStudioVersion = 17.3.32804.467
MinimumVisualStudioVersion = 10.0.40219.1
Project("{FAE04EC0-301F-11D3-BF4B-00C04F79EFBC}") = "ConsoleAppEntityFramework", "ConsoleAppEntityFramework\ConsoleAppEntityFramework.csproj", "{FF3D325F-5DEA-42F4-9D0F-E542FF04E6DE}"
EndProject
Global
	GlobalSection(SolutionConfigurationPlatforms) = preSolution
		Debug|Any CPU = Debug|Any CPU
		Release|Any CPU = Release|Any CPU
	EndGlobalSection
	GlobalSection(ProjectConfigurationPlatforms) = postSolution
		{FF3D325F-5DEA-42F4-9D0F-E542FF04E6DE}.Debug|Any CPU.ActiveCfg = Debug|Any CPU
		{FF3D325F-5DEA-42F4-9D0F-E542FF04E6DE}.Debug|Any CPU.Build.0 = Debug|Any CPU
		{FF3D325F-5DEA-42F4-9D0F-E542FF04E6DE}.Release|Any CPU.ActiveCfg = Release|Any CPU
		{FF3D325F-5DEA-42F4-9D0F-E542FF04E6DE}.Release|Any CPU.Build.0 = Release|Any CPU
	EndGlobalSection
	GlobalSection(SolutionProperties) = preSolution
		HideSolutionNode = FALSE
	EndGlobalSection
	GlobalSection(ExtensibilityGlobals) = postSolution
		SolutionGuid = {D1A8EB8B-A6D3-41DF-BDA6-0106F35EE358}
	EndGlobalSection
EndGlobal
